# THIS IS AN AUTOGENERATED FILE. DO NOT EDIT THIS FILE DIRECTLY.
# yarn lockfile v1


extend-shallow@^2.0.1:
  version "2.0.1"
  resolved "https://registry.yarnpkg.com/extend-shallow/-/extend-shallow-2.0.1.tgz#51af7d614ad9a9f610ea1bafbb989d6b1c56890f"
  integrity sha1-Ua99YUrZqfYQ6huvu5idaxxWiQ8=
  dependencies:
    is-extendable "^0.1.0"

html-escaper@^3.0.3:
  version "3.0.3"
  resolved "https://registry.yarnpkg.com/html-escaper/-/html-escaper-3.0.3.tgz#4d336674652beb1dcbc29ef6b6ba7f6be6fdfed6"
  integrity sha512-RuMffC89BOWQoY0WKGpIhn5gX3iI54O6nRA0yC124NYVtzjmFWBIiFd8M0x+ZdX0P9R4lADg1mgP8C7PxGOWuQ==

htmldom@^4.0.11:
  version "4.0.11"
  resolved "https://registry.yarnpkg.com/htmldom/-/htmldom-4.0.11.tgz#85c7268add7d9c985c94e0d71ca3c3f7422bc0e8"
  integrity sha512-W8Dayv3yLxxduG5IFZGvYosw4Okm1/0ZpobbJBejaBMAuSuI6chHmEw2aFopF7m2IxPhMO7UX1lDxclyFUi3Pw==

is-extendable@^0.1.0:
  version "0.1.1"
  resolved "https://registry.yarnpkg.com/is-extendable/-/is-extendable-0.1.1.tgz#62b110e289a471418e3ec36a617d472e301dfc89"
  integrity sha1-YrEQ4omkcUGOPsNqYX1HLjAd/Ik=

lru-cache@^5.1.1:
  version "5.1.1"
  resolved "https://registry.yarnpkg.com/lru-cache/-/lru-cache-5.1.1.tgz#1da27e6710271947695daf6848e847f01d84b920"
  integrity sha512-KpNARQA3Iwv+jTA0utUVVbrh+Jlrr1Fv0e56GGzAFOXN7dk/FviaDW8LHmK52DlcH4WP2n6gI8vN1aesBFgo9w==
  dependencies:
    yallist "^3.0.2"

onigasm@^2.2.5:
  version "2.2.5"
  resolved "https://registry.yarnpkg.com/onigasm/-/onigasm-2.2.5.tgz#cc4d2a79a0fa0b64caec1f4c7ea367585a676892"
  integrity sha512-F+th54mPc0l1lp1ZcFMyL/jTs2Tlq4SqIHKIXGZOR/VkHkF9A7Fr5rRr5+ZG/lWeRsyrClLYRq7s/yFQ/XhWCA==
  dependencies:
    lru-cache "^5.1.1"

shiki@^0.9.3:
  version "0.9.3"
  resolved "https://registry.yarnpkg.com/shiki/-/shiki-0.9.3.tgz#7bf7bcf3ed50ca525ec89cc09254abce4264d5ca"
  integrity sha512-NEjg1mVbAUrzRv2eIcUt3TG7X9svX7l3n3F5/3OdFq+/BxUdmBOeKGiH4icZJBLHy354Shnj6sfBTemea2e7XA==
  dependencies:
    onigasm "^2.2.5"
    vscode-textmate "^5.2.0"

string.fromcodepoint@^0.2.1:
  version "0.2.1"
  resolved "https://registry.yarnpkg.com/string.fromcodepoint/-/string.fromcodepoint-0.2.1.tgz#8d978333c0bc92538f50f383e4888f3e5619d653"
  integrity sha1-jZeDM8C8klOPUPOD5IiPPlYZ1lM=

unescape-js@^1.1.4:
  version "1.1.4"
  resolved "https://registry.yarnpkg.com/unescape-js/-/unescape-js-1.1.4.tgz#4bc6389c499cb055a98364a0b3094e1c3d5da395"
  integrity sha512-42SD8NOQEhdYntEiUQdYq/1V/YHwr1HLwlHuTJB5InVVdOSbgI6xu8jK5q65yIzuFCfczzyDF/7hbGzVbyCw0g==
  dependencies:
    string.fromcodepoint "^0.2.1"

unescape@^1.0.1:
  version "1.0.1"
  resolved "https://registry.yarnpkg.com/unescape/-/unescape-1.0.1.tgz#956e430f61cad8a4d57d82c518f5e6cc5d0dda96"
  integrity sha512-O0+af1Gs50lyH1nUu3ZyYS1cRh01Q/kUKatTOkSs7jukXE6/NebucDVxyiDsA9AQ4JC1V1jUH9EO8JX2nMDgGQ==
  dependencies:
    extend-shallow "^2.0.1"

vscode-textmate@^5.2.0:
  version "5.4.0"
  resolved "https://registry.yarnpkg.com/vscode-textmate/-/vscode-textmate-5.4.0.tgz#4b25ffc1f14ac3a90faf9a388c67a01d24257cd7"
  integrity sha512-c0Q4zYZkcLizeYJ3hNyaVUM2AA8KDhNCA3JvXY8CeZSJuBdAy3bAvSbv46RClC4P3dSO9BdwhnKEx2zOo6vP/w==

yallist@^3.0.2:
  version "3.1.1"
  resolved "https://registry.yarnpkg.com/yallist/-/yallist-3.1.1.tgz#dbb7daf9bfd8bac9ab45ebf602b8cbad0d5d08fd"
  integrity sha512-a4UGQaWPH59mOXUYnAG2ewncQS4i4F43Tv3JoAM+s2VDAmS9NsK8GpDMLrCHPksFT7h3K6TOoUNn2pb7RoXx4g==
